
Microsoft Visual Studio Solution File, Format Version 12.00
# Visual Studio Version 17
VisualStudioVersion = 17.0.31903.59
MinimumVisualStudioVersion = 10.0.40219.1
Project("{FAE04EC0-301F-11D3-BF4B-00C04F79EFBC}") = "Channel", "Channel\Channel.csproj", "{DAFDC50E-EF9B-48AF-B80F-2A93A452496F}"
EndProject
Global
	GlobalSection(SolutionConfigurationPlatforms) = preSolution
		Debug|Any CPU = Debug|Any CPU
		Release|Any CPU = Release|Any CPU
	EndGlobalSection
	GlobalSection(ProjectConfigurationPlatforms) = postSolution
		{DAFDC50E-EF9B-48AF-B80F-2A93A452496F}.Debug|Any CPU.ActiveCfg = Debug|Any CPU
		{DAFDC50E-EF9B-48AF-B80F-2A93A452496F}.Debug|Any CPU.Build.0 = Debug|Any CPU
		{DAFDC50E-EF9B-48AF-B80F-2A93A452496F}.Release|Any CPU.ActiveCfg = Release|Any CPU
		{DAFDC50E-EF9B-48AF-B80F-2A93A452496F}.Release|Any CPU.Build.0 = Release|Any CPU
	EndGlobalSection
	GlobalSection(SolutionProperties) = preSolution
		HideSolutionNode = FALSE
	EndGlobalSection
	GlobalSection(ExtensibilityGlobals) = postSolution
		SolutionGuid = {97266AD4-E0D6-4403-B22F-22453186D99B}
	EndGlobalSection
EndGlobal
